{
  "pins" : [
    {
      "identity" : "wwjavascriptcontext",
      "kind" : "remoteSourceControl",
      "location" : "https://github.com/William-Weng/WWJavaScriptContext",
      "state" : {
        "revision" : "983111177d7b64ef90f0c77d4db928187b9d756d",
        "version" : "1.0.1"
      }
    }
  ],
  "version" : 2
}
