{
  "pins" : [
    {
      "identity" : "wwjavascriptcontext",
      "kind" : "remoteSourceControl",
      "location" : "https://github.com/William-Weng/WWJavaScriptContext",
      "state" : {
        "revision" : "1959bc6f5a18f12a60c294142aafca05b02fb087",
        "version" : "1.0.3"
      }
    }
  ],
  "version" : 2
}
