{
  "pins" : [
    {
      "identity" : "wwjavascriptcontext",
      "kind" : "remoteSourceControl",
      "location" : "https://github.com/William-Weng/WWJavaScriptContext",
      "state" : {
        "revision" : "605cb0a6f03fd007661ecd2586328a23c6665ab1",
        "version" : "1.0.4"
      }
    },
    {
      "identity" : "wwjavascriptcontext_markdown",
      "kind" : "remoteSourceControl",
      "location" : "https://github.com/William-Weng/WWJavaScriptContext_Markdown",
      "state" : {
        "revision" : "947c6575b808b00bfa263a614773c8f9f164d5a9",
        "version" : "1.0.5"
      }
    }
  ],
  "version" : 2
}
