{
  "originHash" : "f8b7dca6c03f0773fc2e736ad48e2f5a5e9e28e1d1f35f61f75a9fe02cba9576",
  "pins" : [
    {
      "identity" : "wwjavascriptcontext",
      "kind" : "remoteSourceControl",
      "location" : "https://github.com/William-Weng/WWJavaScriptContext",
      "state" : {
        "revision" : "605cb0a6f03fd007661ecd2586328a23c6665ab1",
        "version" : "1.0.4"
      }
    },
    {
      "identity" : "wwjavascriptcontext_markdown",
      "kind" : "remoteSourceControl",
      "location" : "https://github.com/William-Weng/WWJavaScriptContext_Markdown",
      "state" : {
        "revision" : "8c0546a0ce7a44e11a0b502c54d8bbf02d5a3a2a",
        "version" : "1.0.4"
      }
    }
  ],
  "version" : 3
}
